
Microsoft Visual Studio Solution File, Format Version 12.00
# Visual Studio Version 17
VisualStudioVersion = 17.10.35013.160
MinimumVisualStudioVersion = 10.0.40219.1
Project("{FAE04EC0-301F-11D3-BF4B-00C04F79EFBC}") = "BashGame", "BashGame\BashGame.csproj", "{9940A6A3-564E-41FB-8D9D-851126C94AA5}"
EndProject
Global
	GlobalSection(SolutionConfigurationPlatforms) = preSolution
		Debug|Any CPU = Debug|Any CPU
		Release|Any CPU = Release|Any CPU
	EndGlobalSection
	GlobalSection(ProjectConfigurationPlatforms) = postSolution
		{9940A6A3-564E-41FB-8D9D-851126C94AA5}.Debug|Any CPU.ActiveCfg = Debug|Any CPU
		{9940A6A3-564E-41FB-8D9D-851126C94AA5}.Debug|Any CPU.Build.0 = Debug|Any CPU
		{9940A6A3-564E-41FB-8D9D-851126C94AA5}.Release|Any CPU.ActiveCfg = Release|Any CPU
		{9940A6A3-564E-41FB-8D9D-851126C94AA5}.Release|Any CPU.Build.0 = Release|Any CPU
	EndGlobalSection
	GlobalSection(SolutionProperties) = preSolution
		HideSolutionNode = FALSE
	EndGlobalSection
	GlobalSection(ExtensibilityGlobals) = postSolution
		SolutionGuid = {5D3418EE-BDE9-4530-93AB-8A5FCA0EE96A}
	EndGlobalSection
EndGlobal
